<?xml version="1.0" encoding="utf-8"?>
<Project ToolsVersion="4.0" xmlns="http://schemas.microsoft.com/developer/msbuild/2003">
  <ItemGroup>
    <Filter Include="Fichiers sources">
      <UniqueIdentifier>{4FC737F1-C7A5-4376-A066-2A32D752A2FF}</UniqueIdentifier>
      <Extensions>cpp;c;cc;cxx;def;odl;idl;hpj;bat;asm;asmx</Extensions>
    </Filter>
    <Filter Include="Fichiers d%27en-tête">
      <UniqueIdentifier>{93995380-89BD-4b04-88EB-625FBE52EBFB}</UniqueIdentifier>
      <Extensions>h;hh;hpp;hxx;hm;inl;inc;xsd</Extensions>
    </Filter>
    <Filter Include="Fichiers d%27en-tête\sdl">
      <UniqueIdentifier>{10121495-d5d1-40f0-a399-6a3f78a38a78}</UniqueIdentifier>
    </Filter>
    <Filter Include="Fichiers sources\sdl">
      <UniqueIdentifier>{4d79e571-49df-46a4-b59e-a28db9b8b926}</UniqueIdentifier>
    </Filter>
    <Filter Include="Fichiers d%27en-tête\internal">
      <UniqueIdentifier>{beba5c2b-3de0-4c55-abdf-de323962f946}</UniqueIdentifier>
    </Filter>
    <Filter Include="Fichiers d%27en-tête\internal\memory">
      <UniqueIdentifier>{dc217379-f9a5-41d0-9d5b-298a8263cc8e}</UniqueIdentifier>
    </Filter>
    <Filter Include="Fichiers d%27en-tête\internal\ecs">
      <UniqueIdentifier>{5d807387-1fd9-4ebb-ba89-30e4f0e820f7}</UniqueIdentifier>
    </Filter>
  </ItemGroup>
  <ItemGroup>
    <ClCompile Include="main.cpp">
      <Filter>Fichiers sources</Filter>
    </ClCompile>
    <ClCompile Include="sdl_cpp.cpp">
      <Filter>Fichiers sources\sdl</Filter>
    </ClCompile>
    <ClCompile Include="window.cpp">
      <Filter>Fichiers sources\sdl</Filter>
    </ClCompile>
    <ClCompile Include="surface.cpp">
      <Filter>Fichiers sources\sdl</Filter>
    </ClCompile>
    <ClCompile Include="rect.cpp">
      <Filter>Fichiers sources\sdl</Filter>
    </ClCompile>
    <ClCompile Include="point.cpp">
      <Filter>Fichiers sources\sdl</Filter>
    </ClCompile>
    <ClCompile Include="color.cpp">
      <Filter>Fichiers sources\sdl</Filter>
    </ClCompile>
  </ItemGroup>
  <ItemGroup>
    <ClInclude Include="window.h">
      <Filter>Fichiers d%27en-tête\sdl</Filter>
    </ClInclude>
    <ClInclude Include="sdl_cpp.h">
      <Filter>Fichiers d%27en-tête\sdl</Filter>
    </ClInclude>
    <ClInclude Include="size.h">
      <Filter>Fichiers d%27en-tête\sdl</Filter>
    </ClInclude>
    <ClInclude Include="surface.h">
      <Filter>Fichiers d%27en-tête\sdl</Filter>
    </ClInclude>
    <ClInclude Include="cache.h">
      <Filter>Fichiers d%27en-tête</Filter>
    </ClInclude>
    <ClInclude Include="wrapper.h">
      <Filter>Fichiers d%27en-tête\internal\memory</Filter>
    </ClInclude>
    <ClInclude Include="base.h">
      <Filter>Fichiers d%27en-tête\internal</Filter>
    </ClInclude>
    <ClInclude Include="noncopyable.h">
      <Filter>Fichiers d%27en-tête\internal</Filter>
    </ClInclude>
    <ClInclude Include="nullable.h">
      <Filter>Fichiers d%27en-tête\internal</Filter>
    </ClInclude>
    <ClInclude Include="rect.h">
      <Filter>Fichiers d%27en-tête\sdl</Filter>
    </ClInclude>
    <ClInclude Include="ecs.h">
      <Filter>Fichiers d%27en-tête\internal\ecs</Filter>
    </ClInclude>
    <ClInclude Include="iconvertible.h">
      <Filter>Fichiers d%27en-tête\internal</Filter>
    </ClInclude>
    <ClInclude Include="point.h">
      <Filter>Fichiers d%27en-tête\sdl</Filter>
    </ClInclude>
    <ClInclude Include="color.h">
      <Filter>Fichiers d%27en-tête\sdl</Filter>
    </ClInclude>
    <ClInclude Include="sprite.h">
      <Filter>Fichiers d%27en-tête</Filter>
    </ClInclude>
    <ClInclude Include="event.h">
      <Filter>Fichiers d%27en-tête\sdl</Filter>
    </ClInclude>
    <ClInclude Include="shape.h">
      <Filter>Fichiers d%27en-tête\sdl</Filter>
    </ClInclude>
    <ClInclude Include="mouse.h">
      <Filter>Fichiers d%27en-tête\sdl</Filter>
    </ClInclude>
    <ClInclude Include="exceptions.h">
      <Filter>Fichiers d%27en-tête\sdl</Filter>
    </ClInclude>
  </ItemGroup>
  <ItemGroup>
    <None Include="ClassDiagram.cd" />
  </ItemGroup>
</Project>